
Microsoft Visual Studio Solution File, Format Version 12.00
# Visual Studio 15
VisualStudioVersion = 15.0.26430.6
MinimumVisualStudioVersion = 10.0.40219.1
Project("{FAE04EC0-301F-11D3-BF4B-00C04F79EFBC}") = "TASK6", "TASK6\TASK6.csproj", "{58D911ED-48F1-49C6-88E0-FB2D6FBF5C8C}"
EndProject
Global
	GlobalSection(SolutionConfigurationPlatforms) = preSolution
		Debug|Any CPU = Debug|Any CPU
		Release|Any CPU = Release|Any CPU
	EndGlobalSection
	GlobalSection(ProjectConfigurationPlatforms) = postSolution
		{58D911ED-48F1-49C6-88E0-FB2D6FBF5C8C}.Debug|Any CPU.ActiveCfg = Debug|Any CPU
		{58D911ED-48F1-49C6-88E0-FB2D6FBF5C8C}.Debug|Any CPU.Build.0 = Debug|Any CPU
		{58D911ED-48F1-49C6-88E0-FB2D6FBF5C8C}.Release|Any CPU.ActiveCfg = Release|Any CPU
		{58D911ED-48F1-49C6-88E0-FB2D6FBF5C8C}.Release|Any CPU.Build.0 = Release|Any CPU
	EndGlobalSection
	GlobalSection(SolutionProperties) = preSolution
		HideSolutionNode = FALSE
	EndGlobalSection
EndGlobal
