
Microsoft Visual Studio Solution File, Format Version 12.00
# Visual Studio 15
VisualStudioVersion = 15.0.33529.398
MinimumVisualStudioVersion = 10.0.40219.1
Project("{FAE04EC0-301F-11D3-BF4B-00C04F79EFBC}") = "Question5", "Question5\Question5.csproj", "{9449135C-63F1-4EF1-9C43-A5B5DF626BB0}"
EndProject
Global
	GlobalSection(SolutionConfigurationPlatforms) = preSolution
		Debug|Any CPU = Debug|Any CPU
		Release|Any CPU = Release|Any CPU
	EndGlobalSection
	GlobalSection(ProjectConfigurationPlatforms) = postSolution
		{9449135C-63F1-4EF1-9C43-A5B5DF626BB0}.Debug|Any CPU.ActiveCfg = Debug|Any CPU
		{9449135C-63F1-4EF1-9C43-A5B5DF626BB0}.Debug|Any CPU.Build.0 = Debug|Any CPU
		{9449135C-63F1-4EF1-9C43-A5B5DF626BB0}.Release|Any CPU.ActiveCfg = Release|Any CPU
		{9449135C-63F1-4EF1-9C43-A5B5DF626BB0}.Release|Any CPU.Build.0 = Release|Any CPU
	EndGlobalSection
	GlobalSection(SolutionProperties) = preSolution
		HideSolutionNode = FALSE
	EndGlobalSection
	GlobalSection(ExtensibilityGlobals) = postSolution
		SolutionGuid = {22F785AF-20E9-4F02-8DF4-344613208F68}
	EndGlobalSection
EndGlobal
